
Microsoft Visual Studio Solution File, Format Version 12.00
# Visual Studio Version 16
VisualStudioVersion = 16.0.28803.202
MinimumVisualStudioVersion = 10.0.40219.1
Project("{8BC9CEB8-8B4A-11D0-8D11-00A0C91BC942}") = "laba5", "laba5\laba5.vcxproj", "{6EBF8FDF-4991-4253-BDC7-E9775FC741C9}"
EndProject
Global
	GlobalSection(SolutionConfigurationPlatforms) = preSolution
		Debug|x64 = Debug|x64
		Debug|x86 = Debug|x86
		Release|x64 = Release|x64
		Release|x86 = Release|x86
	EndGlobalSection
	GlobalSection(ProjectConfigurationPlatforms) = postSolution
		{6EBF8FDF-4991-4253-BDC7-E9775FC741C9}.Debug|x64.ActiveCfg = Debug|x64
		{6EBF8FDF-4991-4253-BDC7-E9775FC741C9}.Debug|x64.Build.0 = Debug|x64
		{6EBF8FDF-4991-4253-BDC7-E9775FC741C9}.Debug|x86.ActiveCfg = Debug|Win32
		{6EBF8FDF-4991-4253-BDC7-E9775FC741C9}.Debug|x86.Build.0 = Debug|Win32
		{6EBF8FDF-4991-4253-BDC7-E9775FC741C9}.Release|x64.ActiveCfg = Release|x64
		{6EBF8FDF-4991-4253-BDC7-E9775FC741C9}.Release|x64.Build.0 = Release|x64
		{6EBF8FDF-4991-4253-BDC7-E9775FC741C9}.Release|x86.ActiveCfg = Release|Win32
		{6EBF8FDF-4991-4253-BDC7-E9775FC741C9}.Release|x86.Build.0 = Release|Win32
	EndGlobalSection
	GlobalSection(SolutionProperties) = preSolution
		HideSolutionNode = FALSE
	EndGlobalSection
	GlobalSection(ExtensibilityGlobals) = postSolution
		SolutionGuid = {F0742FB7-D4E3-42A6-A9F6-4E5207560655}
	EndGlobalSection
EndGlobal
